// !$*UTF8*$!
{
	archiveVersion = 1;
	classes = {
	};
	objectVersion = 56;
	objects = {

/* Begin PBXBuildFile section */
		9BA4FD1829F1B914007D670E /* InformacoesPessoais.swift in Sources */ = {isa = PBXBuildFile; fileRef = 9BA4FD1729F1B914007D670E /* InformacoesPessoais.swift */; };
		9BA4FD1A29F1BF3C007D670E /* ListaDePlayers.swift in Sources */ = {isa = PBXBuildFile; fileRef = 9BA4FD1929F1BF3C007D670E /* ListaDePlayers.swift */; };
		9BA4FD1E29F1CC80007D670E /* TelaPlayer.swift in Sources */ = {isa = PBXBuildFile; fileRef = 9BA4FD1D29F1CC80007D670E /* TelaPlayer.swift */; };
		9BA6B9FB29F1AD4400AABE04 /* DesafioFinalApp.swift in Sources */ = {isa = PBXBuildFile; fileRef = 9BA6B9FA29F1AD4400AABE04 /* DesafioFinalApp.swift */; };
		9BA6B9FD29F1AD4400AABE04 /* Home.swift in Sources */ = {isa = PBXBuildFile; fileRef = 9BA6B9FC29F1AD4400AABE04 /* Home.swift */; };
		9BA6B9FF29F1AD4500AABE04 /* Assets.xcassets in Resources */ = {isa = PBXBuildFile; fileRef = 9BA6B9FE29F1AD4500AABE04 /* Assets.xcassets */; };
		9BA6BA0229F1AD4500AABE04 /* Preview Assets.xcassets in Resources */ = {isa = PBXBuildFile; fileRef = 9BA6BA0129F1AD4500AABE04 /* Preview Assets.xcassets */; };
/* End PBXBuildFile section */

/* Begin PBXFileReference section */
		9BA4FD1729F1B914007D670E /* InformacoesPessoais.swift */ = {isa = PBXFileReference; lastKnownFileType = sourcecode.swift; path = InformacoesPessoais.swift; sourceTree = "<group>"; };
		9BA4FD1929F1BF3C007D670E /* ListaDePlayers.swift */ = {isa = PBXFileReference; lastKnownFileType = sourcecode.swift; path = ListaDePlayers.swift; sourceTree = "<group>"; };
		9BA4FD1D29F1CC80007D670E /* TelaPlayer.swift */ = {isa = PBXFileReference; lastKnownFileType = sourcecode.swift; path = TelaPlayer.swift; sourceTree = "<group>"; };
		9BA6B9F729F1AD4400AABE04 /* DesafioFinal.app */ = {isa = PBXFileReference; explicitFileType = wrapper.application; includeInIndex = 0; path = DesafioFinal.app; sourceTree = BUILT_PRODUCTS_DIR; };
		9BA6B9FA29F1AD4400AABE04 /* DesafioFinalApp.swift */ = {isa = PBXFileReference; lastKnownFileType = sourcecode.swift; path = DesafioFinalApp.swift; sourceTree = "<group>"; };
		9BA6B9FC29F1AD4400AABE04 /* Home.swift */ = {isa = PBXFileReference; lastKnownFileType = sourcecode.swift; path = Home.swift; sourceTree = "<group>"; };
		9BA6B9FE29F1AD4500AABE04 /* Assets.xcassets */ = {isa = PBXFileReference; lastKnownFileType = folder.assetcatalog; path = Assets.xcassets; sourceTree = "<group>"; };
		9BA6BA0129F1AD4500AABE04 /* Preview Assets.xcassets */ = {isa = PBXFileReference; lastKnownFileType = folder.assetcatalog; path = "Preview Assets.xcassets"; sourceTree = "<group>"; };
/* End PBXFileReference section */

/* Begin PBXFrameworksBuildPhase section */
		9BA6B9F429F1AD4400AABE04 /* Frameworks */ = {
			isa = PBXFrameworksBuildPhase;
			buildActionMask = 2147483647;
			files = (
			);
			runOnlyForDeploymentPostprocessing = 0;
		};
/* End PBXFrameworksBuildPhase section */

/* Begin PBXGroup section */
		9BA6B9EE29F1AD4400AABE04 = {
			isa = PBXGroup;
			children = (
				9BA6B9F929F1AD4400AABE04 /* DesafioFinal */,
				9BA6B9F829F1AD4400AABE04 /* Products */,
			);
			sourceTree = "<group>";
		};
		9BA6B9F829F1AD4400AABE04 /* Products */ = {
			isa = PBXGroup;
			children = (
				9BA6B9F729F1AD4400AABE04 /* DesafioFinal.app */,
			);
			name = Products;
			sourceTree = "<group>";
		};
		9BA6B9F929F1AD4400AABE04 /* DesafioFinal */ = {
			isa = PBXGroup;
			children = (
				9BA6B9FA29F1AD4400AABE04 /* DesafioFinalApp.swift */,
				9BA6B9FE29F1AD4500AABE04 /* Assets.xcassets */,
				9BA6BA0029F1AD4500AABE04 /* Preview Content */,
			);
			path = DesafioFinal;
			sourceTree = "<group>";
		};
		9BA6BA0029F1AD4500AABE04 /* Preview Content */ = {
			isa = PBXGroup;
			children = (
				9BA6BA0129F1AD4500AABE04 /* Preview Assets.xcassets */,
				9BA6B9FC29F1AD4400AABE04 /* Home.swift */,
				9BA4FD1729F1B914007D670E /* InformacoesPessoais.swift */,
				9BA4FD1929F1BF3C007D670E /* ListaDePlayers.swift */,
				9BA4FD1D29F1CC80007D670E /* TelaPlayer.swift */,
			);
			path = "Preview Content";
			sourceTree = "<group>";
		};
/* End PBXGroup section */

/* Begin PBXNativeTarget section */
		9BA6B9F629F1AD4400AABE04 /* DesafioFinal */ = {
			isa = PBXNativeTarget;
			buildConfigurationList = 9BA6BA0529F1AD4500AABE04 /* Build configuration list for PBXNativeTarget "DesafioFinal" */;
			buildPhases = (
				9BA6B9F329F1AD4400AABE04 /* Sources */,
				9BA6B9F429F1AD4400AABE04 /* Frameworks */,
				9BA6B9F529F1AD4400AABE04 /* Resources */,
			);
			buildRules = (
			);
			dependencies = (
			);
			name = DesafioFinal;
			productName = DesafioFinal;
			productReference = 9BA6B9F729F1AD4400AABE04 /* DesafioFinal.app */;
			productType = "com.apple.product-type.application";
		};
/* End PBXNativeTarget section */

/* Begin PBXProject section */
		9BA6B9EF29F1AD4400AABE04 /* Project object */ = {
			isa = PBXProject;
			attributes = {
				BuildIndependentTargetsInParallel = 1;
				LastSwiftUpdateCheck = 1430;
				LastUpgradeCheck = 1430;
				TargetAttributes = {
					9BA6B9F629F1AD4400AABE04 = {
						CreatedOnToolsVersion = 14.3;
					};
				};
			};
			buildConfigurationList = 9BA6B9F229F1AD4400AABE04 /* Build configuration list for PBXProject "DesafioFinal" */;
			compatibilityVersion = "Xcode 14.0";
			developmentRegion = en;
			hasScannedForEncodings = 0;
			knownRegions = (
				en,
				Base,
			);
			mainGroup = 9BA6B9EE29F1AD4400AABE04;
			productRefGroup = 9BA6B9F829F1AD4400AABE04 /* Products */;
			projectDirPath = "";
			projectRoot = "";
			targets = (
				9BA6B9F629F1AD4400AABE04 /* DesafioFinal */,
			);
		};
/* End PBXProject section */

/* Begin PBXResourcesBuildPhase section */
		9BA6B9F529F1AD4400AABE04 /* Resources */ = {
			isa = PBXResourcesBuildPhase;
			buildActionMask = 2147483647;
			files = (
				9BA6BA0229F1AD4500AABE04 /* Preview Assets.xcassets in Resources */,
				9BA6B9FF29F1AD4500AABE04 /* Assets.xcassets in Resources */,
			);
			runOnlyForDeploymentPostprocessing = 0;
		};
/* End PBXResourcesBuildPhase section */

/* Begin PBXSourcesBuildPhase section */
		9BA6B9F329F1AD4400AABE04 /* Sources */ = {
			isa = PBXSourcesBuildPhase;
			buildActionMask = 2147483647;
			files = (
				9BA6B9FD29F1AD4400AABE04 /* Home.swift in Sources */,
				9BA4FD1829F1B914007D670E /* InformacoesPessoais.swift in Sources */,
				9BA6B9FB29F1AD4400AABE04 /* DesafioFinalApp.swift in Sources */,
				9BA4FD1A29F1BF3C007D670E /* ListaDePlayers.swift in Sources */,
				9BA4FD1E29F1CC80007D670E /* TelaPlayer.swift in Sources */,
			);
			runOnlyForDeploymentPostprocessing = 0;
		};
/* End PBXSourcesBuildPhase section */

/* Begin XCBuildConfiguration section */
		9BA6BA0329F1AD4500AABE04 /* Debug */ = {
			isa = XCBuildConfiguration;
			buildSettings = {
				ALWAYS_SEARCH_USER_PATHS = NO;
				CLANG_ANALYZER_NONNULL = YES;
				CLANG_ANALYZER_NUMBER_OBJECT_CONVERSION = YES_AGGRESSIVE;
				CLANG_CXX_LANGUAGE_STANDARD = "gnu++20";
				CLANG_ENABLE_MODULES = YES;
				CLANG_ENABLE_OBJC_ARC = YES;
				CLANG_ENABLE_OBJC_WEAK = YES;
				CLANG_WARN_BLOCK_CAPTURE_AUTORELEASING = YES;
				CLANG_WARN_BOOL_CONVERSION = YES;
				CLANG_WARN_COMMA = YES;
				CLANG_WARN_CONSTANT_CONVERSION = YES;
				CLANG_WARN_DEPRECATED_OBJC_IMPLEMENTATIONS = YES;
				CLANG_WARN_DIRECT_OBJC_ISA_USAGE = YES_ERROR;
				CLANG_WARN_DOCUMENTATION_COMMENTS = YES;
				CLANG_WARN_EMPTY_BODY = YES;
				CLANG_WARN_ENUM_CONVERSION = YES;
				CLANG_WARN_INFINITE_RECURSION = YES;
				CLANG_WARN_INT_CONVERSION = YES;
				CLANG_WARN_NON_LITERAL_NULL_CONVERSION = YES;
				CLANG_WARN_OBJC_IMPLICIT_RETAIN_SELF = YES;
				CLANG_WARN_OBJC_LITERAL_CONVERSION = YES;
				CLANG_WARN_OBJC_ROOT_CLASS = YES_ERROR;
				CLANG_WARN_QUOTED_INCLUDE_IN_FRAMEWORK_HEADER = YES;
				CLANG_WARN_RANGE_LOOP_ANALYSIS = YES;
				CLANG_WARN_STRICT_PROTOTYPES = YES;
				CLANG_WARN_SUSPICIOUS_MOVE = YES;
				CLANG_WARN_UNGUARDED_AVAILABILITY = YES_AGGRESSIVE;
				CLANG_WARN_UNREACHABLE_CODE = YES;
				CLANG_WARN__DUPLICATE_METHOD_MATCH = YES;
				COPY_PHASE_STRIP = NO;
				DEBUG_INFORMATION_FORMAT = dwarf;
				ENABLE_STRICT_OBJC_MSGSEND = YES;
				ENABLE_TESTABILITY = YES;
				GCC_C_LANGUAGE_STANDARD = gnu11;
				GCC_DYNAMIC_NO_PIC = NO;
				GCC_NO_COMMON_BLOCKS = YES;
				GCC_OPTIMIZATION_LEVEL = 0;
				GCC_PREPROCESSOR_DEFINITIONS = (
					"DEBUG=1",
					"$(inherited)",
				);
				GCC_WARN_64_TO_32_BIT_CONVERSION = YES;
				GCC_WARN_ABOUT_RETURN_TYPE = YES_ERROR;
				GCC_WARN_UNDECLARED_SELECTOR = YES;
				GCC_WARN_UNINITIALIZED_AUTOS = YES_AGGRESSIVE;
				GCC_WARN_UNUSED_FUNCTION = YES;
				GCC_WARN_UNUSED_VARIABLE = YES;
				IPHONEOS_DEPLOYMENT_TARGET = 16.4;
				MTL_ENABLE_DEBUG_INFO = INCLUDE_SOURCE;
				MTL_FAST_MATH = YES;
				ONLY_ACTIVE_ARCH = YES;
				SDKROOT = iphoneos;
				SWIFT_ACTIVE_COMPILATION_CONDITIONS = DEBUG;
				SWIFT_OPTIMIZATION_LEVEL = "-Onone";
			};
			name = Debug;
		};
		9BA6BA0429F1AD4500AABE04 /* Release */ = {
			isa = XCBuildConfiguration;
			buildSettings = {
				ALWAYS_SEARCH_USER_PATHS = NO;
				CLANG_ANALYZER_NONNULL = YES;
				CLANG_ANALYZER_NUMBER_OBJECT_CONVERSION = YES_AGGRESSIVE;
				CLANG_CXX_LANGUAGE_STANDARD = "gnu++20";
				CLANG_ENABLE_MODULES = YES;
				CLANG_ENABLE_OBJC_ARC = YES;
				CLANG_ENABLE_OBJC_WEAK = YES;
				CLANG_WARN_BLOCK_CAPTURE_AUTORELEASING = YES;
				CLANG_WARN_BOOL_CONVERSION = YES;
				CLANG_WARN_COMMA = YES;
				CLANG_WARN_CONSTANT_CONVERSION = YES;
				CLANG_WARN_DEPRECATED_OBJC_IMPLEMENTATIONS = YES;
				CLANG_WARN_DIRECT_OBJC_ISA_USAGE = YES_ERROR;
				CLANG_WARN_DOCUMENTATION_COMMENTS = YES;
				CLANG_WARN_EMPTY_BODY = YES;
				CLANG_WARN_ENUM_CONVERSION = YES;
				CLANG_WARN_INFINITE_RECURSION = YES;
				CLANG_WARN_INT_CONVERSION = YES;
				CLANG_WARN_NON_LITERAL_NULL_CONVERSION = YES;
				CLANG_WARN_OBJC_IMPLICIT_RETAIN_SELF = YES;
				CLANG_WARN_OBJC_LITERAL_CONVERSION = YES;
				CLANG_WARN_OBJC_ROOT_CLASS = YES_ERROR;
				CLANG_WARN_QUOTED_INCLUDE_IN_FRAMEWORK_HEADER = YES;
				CLANG_WARN_RANGE_LOOP_ANALYSIS = YES;
				CLANG_WARN_STRICT_PROTOTYPES = YES;
				CLANG_WARN_SUSPICIOUS_MOVE = YES;
				CLANG_WARN_UNGUARDED_AVAILABILITY = YES_AGGRESSIVE;
				CLANG_WARN_UNREACHABLE_CODE = YES;
				CLANG_WARN__DUPLICATE_METHOD_MATCH = YES;
				COPY_PHASE_STRIP = NO;
				DEBUG_INFORMATION_FORMAT = "dwarf-with-dsym";
				ENABLE_NS_ASSERTIONS = NO;
				ENABLE_STRICT_OBJC_MSGSEND = YES;
				GCC_C_LANGUAGE_STANDARD = gnu11;
				GCC_NO_COMMON_BLOCKS = YES;
				GCC_WARN_64_TO_32_BIT_CONVERSION = YES;
				GCC_WARN_ABOUT_RETURN_TYPE = YES_ERROR;
				GCC_WARN_UNDECLARED_SELECTOR = YES;
				GCC_WARN_UNINITIALIZED_AUTOS = YES_AGGRESSIVE;
				GCC_WARN_UNUSED_FUNCTION = YES;
				GCC_WARN_UNUSED_VARIABLE = YES;
				IPHONEOS_DEPLOYMENT_TARGET = 16.4;
				MTL_ENABLE_DEBUG_INFO = NO;
				MTL_FAST_MATH = YES;
				SDKROOT = iphoneos;
				SWIFT_COMPILATION_MODE = wholemodule;
				SWIFT_OPTIMIZATION_LEVEL = "-O";
				VALIDATE_PRODUCT = YES;
			};
			name = Release;
		};
		9BA6BA0629F1AD4500AABE04 /* Debug */ = {
			isa = XCBuildConfiguration;
			buildSettings = {
				ASSETCATALOG_COMPILER_APPICON_NAME = AppIcon;
				ASSETCATALOG_COMPILER_GLOBAL_ACCENT_COLOR_NAME = AccentColor;
				CODE_SIGN_STYLE = Automatic;
				CURRENT_PROJECT_VERSION = 1;
				DEVELOPMENT_ASSET_PATHS = "\"DesafioFinal/Preview Content\"";
				DEVELOPMENT_TEAM = K559Z2V9Q2;
				ENABLE_PREVIEWS = YES;
				GENERATE_INFOPLIST_FILE = YES;
				INFOPLIST_KEY_UIApplicationSceneManifest_Generation = YES;
				INFOPLIST_KEY_UIApplicationSupportsIndirectInputEvents = YES;
				INFOPLIST_KEY_UILaunchScreen_Generation = YES;
				INFOPLIST_KEY_UISupportedInterfaceOrientations_iPad = "UIInterfaceOrientationPortrait UIInterfaceOrientationPortraitUpsideDown UIInterfaceOrientationLandscapeLeft UIInterfaceOrientationLandscapeRight";
				INFOPLIST_KEY_UISupportedInterfaceOrientations_iPhone = "UIInterfaceOrientationPortrait UIInterfaceOrientationLandscapeLeft UIInterfaceOrientationLandscapeRight";
				LD_RUNPATH_SEARCH_PATHS = (
					"$(inherited)",
					"@executable_path/Frameworks",
				);
				MARKETING_VERSION = 1.0;
				PRODUCT_BUNDLE_IDENTIFIER = VictorHugo.DesafioFinal;
				PRODUCT_NAME = "$(TARGET_NAME)";
				SWIFT_EMIT_LOC_STRINGS = YES;
				SWIFT_VERSION = 5.0;
				TARGETED_DEVICE_FAMILY = "1,2";
			};
			name = Debug;
		};
		9BA6BA0729F1AD4500AABE04 /* Release */ = {
			isa = XCBuildConfiguration;
			buildSettings = {
				ASSETCATALOG_COMPILER_APPICON_NAME = AppIcon;
				ASSETCATALOG_COMPILER_GLOBAL_ACCENT_COLOR_NAME = AccentColor;
				CODE_SIGN_STYLE = Automatic;
				CURRENT_PROJECT_VERSION = 1;
				DEVELOPMENT_ASSET_PATHS = "\"DesafioFinal/Preview Content\"";
				DEVELOPMENT_TEAM = K559Z2V9Q2;
				ENABLE_PREVIEWS = YES;
				GENERATE_INFOPLIST_FILE = YES;
				INFOPLIST_KEY_UIApplicationSceneManifest_Generation = YES;
				INFOPLIST_KEY_UIApplicationSupportsIndirectInputEvents = YES;
				INFOPLIST_KEY_UILaunchScreen_Generation = YES;
				INFOPLIST_KEY_UISupportedInterfaceOrientations_iPad = "UIInterfaceOrientationPortrait UIInterfaceOrientationPortraitUpsideDown UIInterfaceOrientationLandscapeLeft UIInterfaceOrientationLandscapeRight";
				INFOPLIST_KEY_UISupportedInterfaceOrientations_iPhone = "UIInterfaceOrientationPortrait UIInterfaceOrientationLandscapeLeft UIInterfaceOrientationLandscapeRight";
				LD_RUNPATH_SEARCH_PATHS = (
					"$(inherited)",
					"@executable_path/Frameworks",
				);
				MARKETING_VERSION = 1.0;
				PRODUCT_BUNDLE_IDENTIFIER = VictorHugo.DesafioFinal;
				PRODUCT_NAME = "$(TARGET_NAME)";
				SWIFT_EMIT_LOC_STRINGS = YES;
				SWIFT_VERSION = 5.0;
				TARGETED_DEVICE_FAMILY = "1,2";
			};
			name = Release;
		};
/* End XCBuildConfiguration section */

/* Begin XCConfigurationList section */
		9BA6B9F229F1AD4400AABE04 /* Build configuration list for PBXProject "DesafioFinal" */ = {
			isa = XCConfigurationList;
			buildConfigurations = (
				9BA6BA0329F1AD4500AABE04 /* Debug */,
				9BA6BA0429F1AD4500AABE04 /* Release */,
			);
			defaultConfigurationIsVisible = 0;
			defaultConfigurationName = Release;
		};
		9BA6BA0529F1AD4500AABE04 /* Build configuration list for PBXNativeTarget "DesafioFinal" */ = {
			isa = XCConfigurationList;
			buildConfigurations = (
				9BA6BA0629F1AD4500AABE04 /* Debug */,
				9BA6BA0729F1AD4500AABE04 /* Release */,
			);
			defaultConfigurationIsVisible = 0;
			defaultConfigurationName = Release;
		};
/* End XCConfigurationList section */
	};
	rootObject = 9BA6B9EF29F1AD4400AABE04 /* Project object */;
}
